
Microsoft Visual Studio Solution File, Format Version 12.00
# Visual Studio Version 16
VisualStudioVersion = 16.0.30517.126
MinimumVisualStudioVersion = 10.0.40219.1
Project("{FAE04EC0-301F-11D3-BF4B-00C04F79EFBC}") = "Clases Abstractas", "Clases Abstractas\Clases Abstractas.csproj", "{F4F7DD7C-1A42-4AD5-B92C-80B2BBA26CCB}"
EndProject
Project("{FAE04EC0-301F-11D3-BF4B-00C04F79EFBC}") = "Clases Instanciables", "Clases Instanciables\Clases Instanciables.csproj", "{D3A8615B-6CCE-490C-BA57-D7E673D93638}"
EndProject
Project("{FAE04EC0-301F-11D3-BF4B-00C04F79EFBC}") = "Excepciones", "Excepciones\Excepciones.csproj", "{E65750D0-746C-4A04-98BA-05CAA12C764B}"
EndProject
Project("{FAE04EC0-301F-11D3-BF4B-00C04F79EFBC}") = "Archivos", "Archivos\Archivos.csproj", "{71061CAC-C467-43FE-A1A9-DD4C6F4B75DC}"
EndProject
Global
	GlobalSection(SolutionConfigurationPlatforms) = preSolution
		Debug|Any CPU = Debug|Any CPU
		Release|Any CPU = Release|Any CPU
	EndGlobalSection
	GlobalSection(ProjectConfigurationPlatforms) = postSolution
		{F4F7DD7C-1A42-4AD5-B92C-80B2BBA26CCB}.Debug|Any CPU.ActiveCfg = Debug|Any CPU
		{F4F7DD7C-1A42-4AD5-B92C-80B2BBA26CCB}.Debug|Any CPU.Build.0 = Debug|Any CPU
		{F4F7DD7C-1A42-4AD5-B92C-80B2BBA26CCB}.Release|Any CPU.ActiveCfg = Release|Any CPU
		{F4F7DD7C-1A42-4AD5-B92C-80B2BBA26CCB}.Release|Any CPU.Build.0 = Release|Any CPU
		{D3A8615B-6CCE-490C-BA57-D7E673D93638}.Debug|Any CPU.ActiveCfg = Debug|Any CPU
		{D3A8615B-6CCE-490C-BA57-D7E673D93638}.Debug|Any CPU.Build.0 = Debug|Any CPU
		{D3A8615B-6CCE-490C-BA57-D7E673D93638}.Release|Any CPU.ActiveCfg = Release|Any CPU
		{D3A8615B-6CCE-490C-BA57-D7E673D93638}.Release|Any CPU.Build.0 = Release|Any CPU
		{E65750D0-746C-4A04-98BA-05CAA12C764B}.Debug|Any CPU.ActiveCfg = Debug|Any CPU
		{E65750D0-746C-4A04-98BA-05CAA12C764B}.Debug|Any CPU.Build.0 = Debug|Any CPU
		{E65750D0-746C-4A04-98BA-05CAA12C764B}.Release|Any CPU.ActiveCfg = Release|Any CPU
		{E65750D0-746C-4A04-98BA-05CAA12C764B}.Release|Any CPU.Build.0 = Release|Any CPU
		{71061CAC-C467-43FE-A1A9-DD4C6F4B75DC}.Debug|Any CPU.ActiveCfg = Debug|Any CPU
		{71061CAC-C467-43FE-A1A9-DD4C6F4B75DC}.Debug|Any CPU.Build.0 = Debug|Any CPU
		{71061CAC-C467-43FE-A1A9-DD4C6F4B75DC}.Release|Any CPU.ActiveCfg = Release|Any CPU
		{71061CAC-C467-43FE-A1A9-DD4C6F4B75DC}.Release|Any CPU.Build.0 = Release|Any CPU
	EndGlobalSection
	GlobalSection(SolutionProperties) = preSolution
		HideSolutionNode = FALSE
	EndGlobalSection
	GlobalSection(ExtensibilityGlobals) = postSolution
		SolutionGuid = {9148EEE9-B918-427B-9F3E-04813E39F8F2}
	EndGlobalSection
EndGlobal
