
Microsoft Visual Studio Solution File, Format Version 12.00
# Visual Studio Version 16
VisualStudioVersion = 16.0.30413.136
MinimumVisualStudioVersion = 10.0.40219.1
Project("{2150E333-8FDC-42A3-9474-1A3956D46DE8}") = "TP1", "TP1", "{E8286158-E7C3-4AC7-9EC4-ABC8E02AC40A}"
EndProject
Project("{FAE04EC0-301F-11D3-BF4B-00C04F79EFBC}") = "Entidades", "Entidades\Entidades.csproj", "{1CFFE3CE-DD57-4462-8D41-6CE0FCAAE450}"
EndProject
Project("{FAE04EC0-301F-11D3-BF4B-00C04F79EFBC}") = "MiCalculadora", "MiCalculadora\MiCalculadora.csproj", "{5C5F0245-7C0B-4B46-80F8-576ED55FE2A7}"
EndProject
Global
	GlobalSection(SolutionConfigurationPlatforms) = preSolution
		Debug|Any CPU = Debug|Any CPU
		Release|Any CPU = Release|Any CPU
	EndGlobalSection
	GlobalSection(ProjectConfigurationPlatforms) = postSolution
		{1CFFE3CE-DD57-4462-8D41-6CE0FCAAE450}.Debug|Any CPU.ActiveCfg = Debug|Any CPU
		{1CFFE3CE-DD57-4462-8D41-6CE0FCAAE450}.Debug|Any CPU.Build.0 = Debug|Any CPU
		{1CFFE3CE-DD57-4462-8D41-6CE0FCAAE450}.Release|Any CPU.ActiveCfg = Release|Any CPU
		{1CFFE3CE-DD57-4462-8D41-6CE0FCAAE450}.Release|Any CPU.Build.0 = Release|Any CPU
		{5C5F0245-7C0B-4B46-80F8-576ED55FE2A7}.Debug|Any CPU.ActiveCfg = Debug|Any CPU
		{5C5F0245-7C0B-4B46-80F8-576ED55FE2A7}.Debug|Any CPU.Build.0 = Debug|Any CPU
		{5C5F0245-7C0B-4B46-80F8-576ED55FE2A7}.Release|Any CPU.ActiveCfg = Release|Any CPU
		{5C5F0245-7C0B-4B46-80F8-576ED55FE2A7}.Release|Any CPU.Build.0 = Release|Any CPU
	EndGlobalSection
	GlobalSection(SolutionProperties) = preSolution
		HideSolutionNode = FALSE
	EndGlobalSection
	GlobalSection(NestedProjects) = preSolution
		{1CFFE3CE-DD57-4462-8D41-6CE0FCAAE450} = {E8286158-E7C3-4AC7-9EC4-ABC8E02AC40A}
		{5C5F0245-7C0B-4B46-80F8-576ED55FE2A7} = {E8286158-E7C3-4AC7-9EC4-ABC8E02AC40A}
	EndGlobalSection
	GlobalSection(ExtensibilityGlobals) = postSolution
		SolutionGuid = {7B7CFABC-4049-4826-AE83-DDE87895A0E8}
	EndGlobalSection
EndGlobal
